{
  "version": 4,
  "terraform_version": "1.4.0",
  "serial": 5,
  "lineage": "ec1d5f96-ab4a-d010-e4f6-5a924a990696",
  "outputs": {},
  "resources": [
    {
      "mode": "data",
      "type": "aws_eks_cluster",
      "name": "eks",
      "provider": "provider[\"registry.terraform.io/hashicorp/aws\"]",
      "instances": [
        {
          "schema_version": 0,
          "attributes": {
            "arn": "arn:aws:eks:us-east-1:018083693290:cluster/dev-demo",
            "certificate_authority": [
              {
                "data": "LS0tLS1CRUdJTiBDRVJUSUZJQ0FURS0tLS0tCk1JSUMvakNDQWVhZ0F3SUJBZ0lCQURBTkJna3Foa2lHOXcwQkFRc0ZBREFWTVJNd0VRWURWUVFERXdwcmRXSmwKY201bGRHVnpNQjRYRFRJek1EY3lOekUyTXpFek0xb1hEVE16TURjeU5ERTJNekV6TTFvd0ZURVRNQkVHQTFVRQpBeE1LYTNWaVpYSnVaWFJsY3pDQ0FTSXdEUVlKS29aSWh2Y05BUUVCQlFBRGdnRVBBRENDQVFvQ2dnRUJBUElXCjJ4aWhmSUhoVlV3TXNieEhPLy9CREgrWEV6N1AyblQ3dEFVd29GeVVUQUhGU3lKK2tZTkxXaC9weTl6TGhMVlcKYVdrWis4M3Y1alJ2MjlYMERvZ3ViZVc5TC8xYmRrZjIxakN1QkVMVFdORzZHODh2ZldySDAvdVBpVXltWTRWUQpwcXZzemVTYmlWcisxQ09kREJvMk11M2k4UkpLcndaalg3N0NObmlzVU11QnVmZ1VXZmcxcGRjbjhOL3h6WDVwCnBlMnh3WHE4ZkRPZXZtck04aUZqanQ3ZVRVSnFYQS9jU1hGTUR4dThldkpVYnpDUnozSEVIQ0J2aHUydE1EV08KZisrSEl1akl0U1UxcUIzQ3pMZXZzTmR3SnVpM3l1bWlsRVBHcFVyK0U0YXZjNDhGUUEwTkVyWG1ZZ3poZEx3SQpnUzRnMENnZHFwMmY4amZJT2hFQ0F3RUFBYU5aTUZjd0RnWURWUjBQQVFIL0JBUURBZ0trTUE4R0ExVWRFd0VCCi93UUZNQU1CQWY4d0hRWURWUjBPQkJZRUZDeitSRUhScktyMU13bDBzOVR4OTd0d1c1K2pNQlVHQTFVZEVRUU8KTUF5Q0NtdDFZbVZ5Ym1WMFpYTXdEUVlKS29aSWh2Y05BUUVMQlFBRGdnRUJBQldQMnZyV1NtN3lIajB2L2VOSwpKV1BIUWZqRGEyNFZCaXhOWVFtQStUMHlMOUpZNWNpbm1WYTJBMFlaNy9wZC9tQXV6UzBIeWxFMnBIV0J2S2xxCjhzeG0vTzR0UGtpdlpVdjBUK1IwZC9pcFdhMnkrSS9YVitBaWJjaEx6RWlQSE1yc0lwVGVab1Vhd05SL2xMSUsKVmJWUXFrTTNTajVVMlRCUE92Q1dWSVlRN09uNXIzQU5OSGNDZUJlV3VUNkZGVzdIUzg3Q3VuYUxQcEhQbHlPRAprVlI5a2N4UFRIM212c25mVEkwRHpyOVdPUWJYb1c0ek5HQUNiVXhESTB2Z280ZnBaZTZZWngyTEsySjRDOElmClZLNVpTZ1ZNTk1TQUpFM1locWdjT0R3bTJ6TjloUDVCa1RpR05tNWVZN0FaMTlzeGZKTmhNOWVPVkp6U3g3aHIKblZnPQotLS0tLUVORCBDRVJUSUZJQ0FURS0tLS0tCg=="
              }
            ],
            "cluster_id": null,
            "created_at": "2023-07-27 16:26:44.024 +0000 UTC",
            "enabled_cluster_log_types": [],
            "endpoint": "https://D3230F6ACD690546311E7411BF72A179.gr7.us-east-1.eks.amazonaws.com",
            "id": "dev-demo",
            "identity": [
              {
                "oidc": [
                  {
                    "issuer": "https://oidc.eks.us-east-1.amazonaws.com/id/D3230F6ACD690546311E7411BF72A179"
                  }
                ]
              }
            ],
            "kubernetes_network_config": [
              {
                "ip_family": "ipv4",
                "service_ipv4_cidr": "172.20.0.0/16",
                "service_ipv6_cidr": ""
              }
            ],
            "name": "dev-demo",
            "outpost_config": [],
            "platform_version": "eks.4",
            "role_arn": "arn:aws:iam::018083693290:role/dev-demo-eks-cluster",
            "status": "ACTIVE",
            "tags": {},
            "version": "1.26",
            "vpc_config": [
              {
                "cluster_security_group_id": "sg-07f0801cbb6146386",
                "endpoint_private_access": false,
                "endpoint_public_access": true,
                "public_access_cidrs": [
                  "0.0.0.0/0"
                ],
                "security_group_ids": [],
                "subnet_ids": [
                  "subnet-09835474db176be05",
                  "subnet-0dd89abc62e86bd7c"
                ],
                "vpc_id": "vpc-0899f4cbf110c8aa9"
              }
            ]
          },
          "sensitive_attributes": []
        }
      ]
    },
    {
      "mode": "data",
      "type": "aws_eks_cluster_auth",
      "name": "eks",
      "provider": "provider[\"registry.terraform.io/hashicorp/aws\"]",
      "instances": [
        {
          "schema_version": 0,
          "attributes": {
            "id": "dev-demo",
            "name": "dev-demo",
            "token": "k8s-aws-v1.aHR0cHM6Ly9zdHMuYW1hem9uYXdzLmNvbS8_QWN0aW9uPUdldENhbGxlcklkZW50aXR5JlZlcnNpb249MjAxMS0wNi0xNSZYLUFtei1BbGdvcml0aG09QVdTNC1ITUFDLVNIQTI1NiZYLUFtei1DcmVkZW50aWFsPUFLSUFRSU5PN0lMVkhaVUtaWUZFJTJGMjAyMzA3MjclMkZ1cy1lYXN0LTElMkZzdHMlMkZhd3M0X3JlcXVlc3QmWC1BbXotRGF0ZT0yMDIzMDcyN1QxNjQ0MzJaJlgtQW16LUV4cGlyZXM9MCZYLUFtei1TaWduZWRIZWFkZXJzPWhvc3QlM0J4LWs4cy1hd3MtaWQmWC1BbXotU2lnbmF0dXJlPTAwNDY2YjUyNDkwZjE0NzdjMmZmODJkN2E5OTNjM2EyZjYzZjRkMWJjZmRhZTI5ZTIwNzJlMDA3YzNlMDJiMTc"
          },
          "sensitive_attributes": []
        }
      ]
    },
    {
      "mode": "data",
      "type": "aws_iam_openid_connect_provider",
      "name": "this",
      "provider": "provider[\"registry.terraform.io/hashicorp/aws\"]",
      "instances": [
        {
          "schema_version": 0,
          "attributes": {
            "arn": "arn:aws:iam::018083693290:oidc-provider/oidc.eks.us-east-1.amazonaws.com/id/D3230F6ACD690546311E7411BF72A179",
            "client_id_list": [
              "sts.amazonaws.com"
            ],
            "id": "arn:aws:iam::018083693290:oidc-provider/oidc.eks.us-east-1.amazonaws.com/id/D3230F6ACD690546311E7411BF72A179",
            "tags": {},
            "thumbprint_list": [
              "9e99a48a9960b14926bb7f3b02e22da2b0ab7280"
            ],
            "url": "oidc.eks.us-east-1.amazonaws.com/id/D3230F6ACD690546311E7411BF72A179"
          },
          "sensitive_attributes": []
        }
      ]
    },
    {
      "mode": "data",
      "type": "aws_iam_policy_document",
      "name": "cluster_autoscaler",
      "provider": "provider[\"registry.terraform.io/hashicorp/aws\"]",
      "instances": [
        {
          "schema_version": 0,
          "attributes": {
            "id": "2532222826",
            "json": "{\n  \"Version\": \"2012-10-17\",\n  \"Statement\": [\n    {\n      \"Effect\": \"Allow\",\n      \"Action\": \"sts:AssumeRoleWithWebIdentity\",\n      \"Principal\": {\n        \"Federated\": \"arn:aws:iam::018083693290:oidc-provider/oidc.eks.us-east-1.amazonaws.com/id/D3230F6ACD690546311E7411BF72A179\"\n      },\n      \"Condition\": {\n        \"StringEquals\": {\n          \"oidc.eks.us-east-1.amazonaws.com/id/D3230F6ACD690546311E7411BF72A179:sub\": \"system:serviceaccount:kube-system:cluster-autoscaler\"\n        }\n      }\n    }\n  ]\n}",
            "override_policy_documents": null,
            "policy_id": null,
            "source_policy_documents": null,
            "statement": [
              {
                "actions": [
                  "sts:AssumeRoleWithWebIdentity"
                ],
                "condition": [
                  {
                    "test": "StringEquals",
                    "values": [
                      "system:serviceaccount:kube-system:cluster-autoscaler"
                    ],
                    "variable": "oidc.eks.us-east-1.amazonaws.com/id/D3230F6ACD690546311E7411BF72A179:sub"
                  }
                ],
                "effect": "Allow",
                "not_actions": [],
                "not_principals": [],
                "not_resources": [],
                "principals": [
                  {
                    "identifiers": [
                      "arn:aws:iam::018083693290:oidc-provider/oidc.eks.us-east-1.amazonaws.com/id/D3230F6ACD690546311E7411BF72A179"
                    ],
                    "type": "Federated"
                  }
                ],
                "resources": [],
                "sid": ""
              }
            ],
            "version": "2012-10-17"
          },
          "sensitive_attributes": []
        }
      ]
    },
    {
      "mode": "managed",
      "type": "aws_iam_policy",
      "name": "cluster_autoscaler",
      "provider": "provider[\"registry.terraform.io/hashicorp/aws\"]",
      "instances": [
        {
          "index_key": 0,
          "schema_version": 0,
          "attributes": {
            "arn": "arn:aws:iam::018083693290:policy/dev-demo-cluster-autoscaler",
            "description": "",
            "id": "arn:aws:iam::018083693290:policy/dev-demo-cluster-autoscaler",
            "name": "dev-demo-cluster-autoscaler",
            "name_prefix": "",
            "path": "/",
            "policy": "{\"Statement\":[{\"Action\":[\"autoscaling:DescribeAutoScalingGroups\",\"autoscaling:DescribeAutoScalingInstances\",\"autoscaling:DescribeLaunchConfigurations\",\"autoscaling:DescribeScalingActivities\",\"ec2:DescribeInstanceTypes\",\"ec2:DescribeLaunchTemplateVersions\"],\"Effect\":\"Allow\",\"Resource\":\"*\"},{\"Action\":[\"autoscaling:SetDesiredCapacity\",\"autoscaling:TerminateInstanceInAutoScalingGroup\"],\"Effect\":\"Allow\",\"Resource\":\"*\"}],\"Version\":\"2012-10-17\"}",
            "policy_id": "ANPAQINO7ILVJLHX6Q5IF",
            "tags": null,
            "tags_all": {}
          },
          "sensitive_attributes": [],
          "private": "bnVsbA=="
        }
      ]
    },
    {
      "mode": "managed",
      "type": "aws_iam_role",
      "name": "cluster_autoscaler",
      "provider": "provider[\"registry.terraform.io/hashicorp/aws\"]",
      "instances": [
        {
          "index_key": 0,
          "schema_version": 0,
          "attributes": {
            "arn": "arn:aws:iam::018083693290:role/dev-demo-cluster-autoscaler",
            "assume_role_policy": "{\"Statement\":[{\"Action\":\"sts:AssumeRoleWithWebIdentity\",\"Condition\":{\"StringEquals\":{\"oidc.eks.us-east-1.amazonaws.com/id/D3230F6ACD690546311E7411BF72A179:sub\":\"system:serviceaccount:kube-system:cluster-autoscaler\"}},\"Effect\":\"Allow\",\"Principal\":{\"Federated\":\"arn:aws:iam::018083693290:oidc-provider/oidc.eks.us-east-1.amazonaws.com/id/D3230F6ACD690546311E7411BF72A179\"}}],\"Version\":\"2012-10-17\"}",
            "create_date": "2023-07-27T16:44:39Z",
            "description": "",
            "force_detach_policies": false,
            "id": "dev-demo-cluster-autoscaler",
            "inline_policy": [],
            "managed_policy_arns": [],
            "max_session_duration": 3600,
            "name": "dev-demo-cluster-autoscaler",
            "name_prefix": "",
            "path": "/",
            "permissions_boundary": null,
            "tags": null,
            "tags_all": {},
            "unique_id": "AROAQINO7ILVKVJCGRECP"
          },
          "sensitive_attributes": [],
          "private": "bnVsbA==",
          "dependencies": [
            "data.aws_iam_policy_document.cluster_autoscaler"
          ]
        }
      ]
    },
    {
      "mode": "managed",
      "type": "aws_iam_role_policy_attachment",
      "name": "cluster_autoscaler",
      "provider": "provider[\"registry.terraform.io/hashicorp/aws\"]",
      "instances": [
        {
          "index_key": 0,
          "schema_version": 0,
          "attributes": {
            "id": "dev-demo-cluster-autoscaler-20230727164440493700000001",
            "policy_arn": "arn:aws:iam::018083693290:policy/dev-demo-cluster-autoscaler",
            "role": "dev-demo-cluster-autoscaler"
          },
          "sensitive_attributes": [],
          "private": "bnVsbA==",
          "dependencies": [
            "aws_iam_policy.cluster_autoscaler",
            "aws_iam_role.cluster_autoscaler",
            "data.aws_iam_policy_document.cluster_autoscaler"
          ]
        }
      ]
    },
    {
      "mode": "managed",
      "type": "helm_release",
      "name": "cluster_autoscaler",
      "provider": "provider[\"registry.terraform.io/hashicorp/helm\"]",
      "instances": [
        {
          "index_key": 0,
          "schema_version": 1,
          "attributes": {
            "atomic": false,
            "chart": "cluster-autoscaler",
            "cleanup_on_fail": false,
            "create_namespace": false,
            "dependency_update": false,
            "description": null,
            "devel": null,
            "disable_crd_hooks": false,
            "disable_openapi_validation": false,
            "disable_webhooks": false,
            "force_update": false,
            "id": "autoscaler",
            "keyring": null,
            "lint": false,
            "manifest": null,
            "max_history": 0,
            "metadata": [
              {
                "app_version": "1.26.2",
                "chart": "cluster-autoscaler",
                "name": "autoscaler",
                "namespace": "kube-system",
                "revision": 1,
                "values": "{\"autoDiscovery\":{\"clusterName\":\"dev-demo\"},\"rbac\":{\"serviceAccount\":{\"annotations\":{\"eks.amazonaws.com/role-arn\":\"arn:aws:iam::018083693290:role/dev-demo-cluster-autoscaler\"},\"name\":\"cluster-autoscaler\"}}}",
                "version": "9.28.0"
              }
            ],
            "name": "autoscaler",
            "namespace": "kube-system",
            "pass_credentials": false,
            "postrender": [],
            "recreate_pods": false,
            "render_subchart_notes": true,
            "replace": false,
            "repository": "https://kubernetes.github.io/autoscaler",
            "repository_ca_file": null,
            "repository_cert_file": null,
            "repository_key_file": null,
            "repository_password": null,
            "repository_username": null,
            "reset_values": false,
            "reuse_values": false,
            "set": [
              {
                "name": "autoDiscovery.clusterName",
                "type": "",
                "value": "dev-demo"
              },
              {
                "name": "rbac.serviceAccount.annotations.eks\\.amazonaws\\.com/role-arn",
                "type": "",
                "value": "arn:aws:iam::018083693290:role/dev-demo-cluster-autoscaler"
              },
              {
                "name": "rbac.serviceAccount.name",
                "type": "",
                "value": "cluster-autoscaler"
              }
            ],
            "set_list": [],
            "set_sensitive": [],
            "skip_crds": false,
            "status": "deployed",
            "timeout": 300,
            "values": null,
            "verify": false,
            "version": "9.28.0",
            "wait": true,
            "wait_for_jobs": false
          },
          "sensitive_attributes": [],
          "private": "eyJzY2hlbWFfdmVyc2lvbiI6IjEifQ==",
          "dependencies": [
            "aws_iam_role.cluster_autoscaler",
            "data.aws_eks_cluster.eks",
            "data.aws_iam_policy_document.cluster_autoscaler"
          ]
        }
      ]
    }
  ],
  "check_results": null
}
